
Microsoft Visual Studio Solution File, Format Version 12.00
# Visual Studio Version 17
VisualStudioVersion = 17.5.33530.505
MinimumVisualStudioVersion = 10.0.40219.1
Project("{FAE04EC0-301F-11D3-BF4B-00C04F79EFBC}") = "LogixTestProject", "LogixTestProject\LogixTestProject.csproj", "{563996D8-1995-4F06-9A8A-AC53B6431EF2}"
EndProject
Project("{FAE04EC0-301F-11D3-BF4B-00C04F79EFBC}") = "BLL", "BLL\BLL.csproj", "{7149297A-16B6-4D3C-8E6B-897F4BEFC515}"
EndProject
Project("{FAE04EC0-301F-11D3-BF4B-00C04F79EFBC}") = "DAL", "DAL\DAL.csproj", "{264BBBDC-D07F-46AF-AF6E-2A7DC4ED29CC}"
EndProject
Project("{FAE04EC0-301F-11D3-BF4B-00C04F79EFBC}") = "Core", "Core\Core.csproj", "{13ECE97F-3559-4D0D-AA17-962CFB06B46A}"
EndProject
Global
	GlobalSection(SolutionConfigurationPlatforms) = preSolution
		Debug|Any CPU = Debug|Any CPU
		Release|Any CPU = Release|Any CPU
	EndGlobalSection
	GlobalSection(ProjectConfigurationPlatforms) = postSolution
		{563996D8-1995-4F06-9A8A-AC53B6431EF2}.Debug|Any CPU.ActiveCfg = Debug|Any CPU
		{563996D8-1995-4F06-9A8A-AC53B6431EF2}.Debug|Any CPU.Build.0 = Debug|Any CPU
		{563996D8-1995-4F06-9A8A-AC53B6431EF2}.Release|Any CPU.ActiveCfg = Release|Any CPU
		{563996D8-1995-4F06-9A8A-AC53B6431EF2}.Release|Any CPU.Build.0 = Release|Any CPU
		{7149297A-16B6-4D3C-8E6B-897F4BEFC515}.Debug|Any CPU.ActiveCfg = Debug|Any CPU
		{7149297A-16B6-4D3C-8E6B-897F4BEFC515}.Debug|Any CPU.Build.0 = Debug|Any CPU
		{7149297A-16B6-4D3C-8E6B-897F4BEFC515}.Release|Any CPU.ActiveCfg = Release|Any CPU
		{7149297A-16B6-4D3C-8E6B-897F4BEFC515}.Release|Any CPU.Build.0 = Release|Any CPU
		{264BBBDC-D07F-46AF-AF6E-2A7DC4ED29CC}.Debug|Any CPU.ActiveCfg = Debug|Any CPU
		{264BBBDC-D07F-46AF-AF6E-2A7DC4ED29CC}.Debug|Any CPU.Build.0 = Debug|Any CPU
		{264BBBDC-D07F-46AF-AF6E-2A7DC4ED29CC}.Release|Any CPU.ActiveCfg = Release|Any CPU
		{264BBBDC-D07F-46AF-AF6E-2A7DC4ED29CC}.Release|Any CPU.Build.0 = Release|Any CPU
		{13ECE97F-3559-4D0D-AA17-962CFB06B46A}.Debug|Any CPU.ActiveCfg = Debug|Any CPU
		{13ECE97F-3559-4D0D-AA17-962CFB06B46A}.Debug|Any CPU.Build.0 = Debug|Any CPU
		{13ECE97F-3559-4D0D-AA17-962CFB06B46A}.Release|Any CPU.ActiveCfg = Release|Any CPU
		{13ECE97F-3559-4D0D-AA17-962CFB06B46A}.Release|Any CPU.Build.0 = Release|Any CPU
	EndGlobalSection
	GlobalSection(SolutionProperties) = preSolution
		HideSolutionNode = FALSE
	EndGlobalSection
	GlobalSection(ExtensibilityGlobals) = postSolution
		SolutionGuid = {153FC480-8F30-4CB7-903D-5BE0A455113A}
	EndGlobalSection
EndGlobal
